
Microsoft Visual Studio Solution File, Format Version 12.00
Project("{FAE04EC0-301F-11D3-BF4B-00C04F79EFBC}") = "LootCouncil.Presentation.API", "Presentation\LootCouncil.Presentation.API\LootCouncil.Presentation.API.csproj", "{C1F3BF0D-B9A8-47A8-B06F-CB4E970F71F7}"
EndProject
Project("{2150E333-8FDC-42A3-9474-1A3956D46DE8}") = "Presentation", "Presentation", "{1BA6E684-612D-4968-8DF6-D36AC352DF56}"
EndProject
Project("{2150E333-8FDC-42A3-9474-1A3956D46DE8}") = "Engine", "Engine", "{DBE77D38-069C-4296-90E0-80D129BAB5A8}"
EndProject
Project("{2150E333-8FDC-42A3-9474-1A3956D46DE8}") = "Domain", "Domain", "{C0DE0BC2-7707-492A-8AC1-204839B1CE8B}"
EndProject
Project("{2150E333-8FDC-42A3-9474-1A3956D46DE8}") = "Utility", "Utility", "{98EC389B-DE21-404C-BECB-B73657D85B52}"
EndProject
Project("{2150E333-8FDC-42A3-9474-1A3956D46DE8}") = "Service", "Service", "{A7B1F26B-F26E-43EA-9911-744DA02C0AA2}"
EndProject
Project("{FAE04EC0-301F-11D3-BF4B-00C04F79EFBC}") = "LootCouncil.Service", "Service\LootCouncil.Service\LootCouncil.Service.csproj", "{5A5AC544-C87D-4C69-82B2-74DE5E61A87F}"
EndProject
Project("{FAE04EC0-301F-11D3-BF4B-00C04F79EFBC}") = "LootCouncil.Service.Common", "Service\LootCouncil.Service.Common\LootCouncil.Service.Common.csproj", "{B5EF48ED-EFA3-45DA-9467-9F2E7A4298F8}"
EndProject
Project("{FAE04EC0-301F-11D3-BF4B-00C04F79EFBC}") = "LootCouncil.Engine", "Engine\LootCouncil.Engine\LootCouncil.Engine.csproj", "{4956551C-F223-4F7C-8ADF-6F8291CB694E}"
EndProject
Project("{FAE04EC0-301F-11D3-BF4B-00C04F79EFBC}") = "LootCouncil.Engine.Common", "Engine\LootCouncil.Engine.Common\LootCouncil.Engine.Common.csproj", "{1C6BACDE-BCAC-4858-9D42-2D4CA89FF85D}"
EndProject
Project("{FAE04EC0-301F-11D3-BF4B-00C04F79EFBC}") = "LootCouncil.Domain.Entities", "Domain\LootCouncil.Domain.Entities\LootCouncil.Domain.Entities.csproj", "{192903A2-AF0E-4C0D-AC26-942FCDA07A6A}"
EndProject
Project("{FAE04EC0-301F-11D3-BF4B-00C04F79EFBC}") = "LootCouncil.Domain.DataContracts", "Domain\LootCouncil.Domain.DataContracts\LootCouncil.Domain.DataContracts.csproj", "{5D6DECA4-51BC-41F5-B524-452F6F586F68}"
EndProject
Project("{FAE04EC0-301F-11D3-BF4B-00C04F79EFBC}") = "LootCouncil.Domain.Data", "Domain\LootCouncil.Domain.Data\LootCouncil.Domain.Data.csproj", "{98F9444D-72DD-4A14-AEFC-968AA5B22E30}"
EndProject
Project("{FAE04EC0-301F-11D3-BF4B-00C04F79EFBC}") = "LootCouncil.Domain.Common", "Domain\LootCouncil.Domain.Common\LootCouncil.Domain.Common.csproj", "{6ED6F06D-0925-4099-99D1-D4A095FFEC59}"
EndProject
Project("{FAE04EC0-301F-11D3-BF4B-00C04F79EFBC}") = "LootCouncil.Utility", "Utility\LootCouncil.Utility\LootCouncil.Utility.csproj", "{71D27235-4B1D-460C-8E96-D38534BB232C}"
EndProject
Project("{2150E333-8FDC-42A3-9474-1A3956D46DE8}") = "Tests", "Tests", "{9D1EA4EE-6128-489B-88CE-1631B6FF5011}"
EndProject
Project("{FAE04EC0-301F-11D3-BF4B-00C04F79EFBC}") = "LootCouncil.Tests", "Tests\LootCouncil.Tests\LootCouncil.Tests.csproj", "{BF32CC90-DAB9-4111-ACBE-4C0155070282}"
EndProject
Global
	GlobalSection(SolutionConfigurationPlatforms) = preSolution
		Debug|Any CPU = Debug|Any CPU
		Release|Any CPU = Release|Any CPU
	EndGlobalSection
	GlobalSection(ProjectConfigurationPlatforms) = postSolution
		{C1F3BF0D-B9A8-47A8-B06F-CB4E970F71F7}.Debug|Any CPU.ActiveCfg = Debug|Any CPU
		{C1F3BF0D-B9A8-47A8-B06F-CB4E970F71F7}.Debug|Any CPU.Build.0 = Debug|Any CPU
		{C1F3BF0D-B9A8-47A8-B06F-CB4E970F71F7}.Release|Any CPU.ActiveCfg = Release|Any CPU
		{C1F3BF0D-B9A8-47A8-B06F-CB4E970F71F7}.Release|Any CPU.Build.0 = Release|Any CPU
		{5A5AC544-C87D-4C69-82B2-74DE5E61A87F}.Debug|Any CPU.ActiveCfg = Debug|Any CPU
		{5A5AC544-C87D-4C69-82B2-74DE5E61A87F}.Debug|Any CPU.Build.0 = Debug|Any CPU
		{5A5AC544-C87D-4C69-82B2-74DE5E61A87F}.Release|Any CPU.ActiveCfg = Release|Any CPU
		{5A5AC544-C87D-4C69-82B2-74DE5E61A87F}.Release|Any CPU.Build.0 = Release|Any CPU
		{B5EF48ED-EFA3-45DA-9467-9F2E7A4298F8}.Debug|Any CPU.ActiveCfg = Debug|Any CPU
		{B5EF48ED-EFA3-45DA-9467-9F2E7A4298F8}.Debug|Any CPU.Build.0 = Debug|Any CPU
		{B5EF48ED-EFA3-45DA-9467-9F2E7A4298F8}.Release|Any CPU.ActiveCfg = Release|Any CPU
		{B5EF48ED-EFA3-45DA-9467-9F2E7A4298F8}.Release|Any CPU.Build.0 = Release|Any CPU
		{4956551C-F223-4F7C-8ADF-6F8291CB694E}.Debug|Any CPU.ActiveCfg = Debug|Any CPU
		{4956551C-F223-4F7C-8ADF-6F8291CB694E}.Debug|Any CPU.Build.0 = Debug|Any CPU
		{4956551C-F223-4F7C-8ADF-6F8291CB694E}.Release|Any CPU.ActiveCfg = Release|Any CPU
		{4956551C-F223-4F7C-8ADF-6F8291CB694E}.Release|Any CPU.Build.0 = Release|Any CPU
		{1C6BACDE-BCAC-4858-9D42-2D4CA89FF85D}.Debug|Any CPU.ActiveCfg = Debug|Any CPU
		{1C6BACDE-BCAC-4858-9D42-2D4CA89FF85D}.Debug|Any CPU.Build.0 = Debug|Any CPU
		{1C6BACDE-BCAC-4858-9D42-2D4CA89FF85D}.Release|Any CPU.ActiveCfg = Release|Any CPU
		{1C6BACDE-BCAC-4858-9D42-2D4CA89FF85D}.Release|Any CPU.Build.0 = Release|Any CPU
		{192903A2-AF0E-4C0D-AC26-942FCDA07A6A}.Debug|Any CPU.ActiveCfg = Debug|Any CPU
		{192903A2-AF0E-4C0D-AC26-942FCDA07A6A}.Debug|Any CPU.Build.0 = Debug|Any CPU
		{192903A2-AF0E-4C0D-AC26-942FCDA07A6A}.Release|Any CPU.ActiveCfg = Release|Any CPU
		{192903A2-AF0E-4C0D-AC26-942FCDA07A6A}.Release|Any CPU.Build.0 = Release|Any CPU
		{5D6DECA4-51BC-41F5-B524-452F6F586F68}.Debug|Any CPU.ActiveCfg = Debug|Any CPU
		{5D6DECA4-51BC-41F5-B524-452F6F586F68}.Debug|Any CPU.Build.0 = Debug|Any CPU
		{5D6DECA4-51BC-41F5-B524-452F6F586F68}.Release|Any CPU.ActiveCfg = Release|Any CPU
		{5D6DECA4-51BC-41F5-B524-452F6F586F68}.Release|Any CPU.Build.0 = Release|Any CPU
		{98F9444D-72DD-4A14-AEFC-968AA5B22E30}.Debug|Any CPU.ActiveCfg = Debug|Any CPU
		{98F9444D-72DD-4A14-AEFC-968AA5B22E30}.Debug|Any CPU.Build.0 = Debug|Any CPU
		{98F9444D-72DD-4A14-AEFC-968AA5B22E30}.Release|Any CPU.ActiveCfg = Release|Any CPU
		{98F9444D-72DD-4A14-AEFC-968AA5B22E30}.Release|Any CPU.Build.0 = Release|Any CPU
		{6ED6F06D-0925-4099-99D1-D4A095FFEC59}.Debug|Any CPU.ActiveCfg = Debug|Any CPU
		{6ED6F06D-0925-4099-99D1-D4A095FFEC59}.Debug|Any CPU.Build.0 = Debug|Any CPU
		{6ED6F06D-0925-4099-99D1-D4A095FFEC59}.Release|Any CPU.ActiveCfg = Release|Any CPU
		{6ED6F06D-0925-4099-99D1-D4A095FFEC59}.Release|Any CPU.Build.0 = Release|Any CPU
		{71D27235-4B1D-460C-8E96-D38534BB232C}.Debug|Any CPU.ActiveCfg = Debug|Any CPU
		{71D27235-4B1D-460C-8E96-D38534BB232C}.Debug|Any CPU.Build.0 = Debug|Any CPU
		{71D27235-4B1D-460C-8E96-D38534BB232C}.Release|Any CPU.ActiveCfg = Release|Any CPU
		{71D27235-4B1D-460C-8E96-D38534BB232C}.Release|Any CPU.Build.0 = Release|Any CPU
		{BF32CC90-DAB9-4111-ACBE-4C0155070282}.Debug|Any CPU.ActiveCfg = Debug|Any CPU
		{BF32CC90-DAB9-4111-ACBE-4C0155070282}.Debug|Any CPU.Build.0 = Debug|Any CPU
		{BF32CC90-DAB9-4111-ACBE-4C0155070282}.Release|Any CPU.ActiveCfg = Release|Any CPU
		{BF32CC90-DAB9-4111-ACBE-4C0155070282}.Release|Any CPU.Build.0 = Release|Any CPU
	EndGlobalSection
	GlobalSection(NestedProjects) = preSolution
		{C1F3BF0D-B9A8-47A8-B06F-CB4E970F71F7} = {1BA6E684-612D-4968-8DF6-D36AC352DF56}
		{5A5AC544-C87D-4C69-82B2-74DE5E61A87F} = {A7B1F26B-F26E-43EA-9911-744DA02C0AA2}
		{B5EF48ED-EFA3-45DA-9467-9F2E7A4298F8} = {A7B1F26B-F26E-43EA-9911-744DA02C0AA2}
		{4956551C-F223-4F7C-8ADF-6F8291CB694E} = {DBE77D38-069C-4296-90E0-80D129BAB5A8}
		{1C6BACDE-BCAC-4858-9D42-2D4CA89FF85D} = {DBE77D38-069C-4296-90E0-80D129BAB5A8}
		{192903A2-AF0E-4C0D-AC26-942FCDA07A6A} = {C0DE0BC2-7707-492A-8AC1-204839B1CE8B}
		{5D6DECA4-51BC-41F5-B524-452F6F586F68} = {C0DE0BC2-7707-492A-8AC1-204839B1CE8B}
		{98F9444D-72DD-4A14-AEFC-968AA5B22E30} = {C0DE0BC2-7707-492A-8AC1-204839B1CE8B}
		{6ED6F06D-0925-4099-99D1-D4A095FFEC59} = {C0DE0BC2-7707-492A-8AC1-204839B1CE8B}
		{71D27235-4B1D-460C-8E96-D38534BB232C} = {98EC389B-DE21-404C-BECB-B73657D85B52}
		{BF32CC90-DAB9-4111-ACBE-4C0155070282} = {9D1EA4EE-6128-489B-88CE-1631B6FF5011}
	EndGlobalSection
EndGlobal
